
Microsoft Visual Studio Solution File, Format Version 12.00
# Visual Studio Version 17
VisualStudioVersion = 17.2.32505.173
MinimumVisualStudioVersion = 10.0.40219.1
Project("{FAE04EC0-301F-11D3-BF4B-00C04F79EFBC}") = "PokemonGoParser", "PokemonGoParser\PokemonGoParser.csproj", "{634EE99E-8807-46C4-8023-C7ED1F8DE7A8}"
EndProject
Global
	GlobalSection(SolutionConfigurationPlatforms) = preSolution
		Debug|Any CPU = Debug|Any CPU
		Release|Any CPU = Release|Any CPU
	EndGlobalSection
	GlobalSection(ProjectConfigurationPlatforms) = postSolution
		{634EE99E-8807-46C4-8023-C7ED1F8DE7A8}.Debug|Any CPU.ActiveCfg = Debug|Any CPU
		{634EE99E-8807-46C4-8023-C7ED1F8DE7A8}.Debug|Any CPU.Build.0 = Debug|Any CPU
		{634EE99E-8807-46C4-8023-C7ED1F8DE7A8}.Release|Any CPU.ActiveCfg = Release|Any CPU
		{634EE99E-8807-46C4-8023-C7ED1F8DE7A8}.Release|Any CPU.Build.0 = Release|Any CPU
	EndGlobalSection
	GlobalSection(SolutionProperties) = preSolution
		HideSolutionNode = FALSE
	EndGlobalSection
	GlobalSection(ExtensibilityGlobals) = postSolution
		SolutionGuid = {D9CDB425-CD25-4DE1-A1C0-63523F8F7CCA}
	EndGlobalSection
EndGlobal
