
Microsoft Visual Studio Solution File, Format Version 12.00
# Visual Studio Version 17
VisualStudioVersion = 17.8.34525.116
MinimumVisualStudioVersion = 10.0.40219.1
Project("{9A19103F-16F7-4668-BE54-9A1E7A4F7556}") = "LatestConverter", "LatestConverter\LatestConverter.csproj", "{55C7C8B4-E5EC-4AE1-9A7B-3AAA25D4BB1A}"
EndProject
Global
	GlobalSection(SolutionConfigurationPlatforms) = preSolution
		Debug|Any CPU = Debug|Any CPU
		Release|Any CPU = Release|Any CPU
	EndGlobalSection
	GlobalSection(ProjectConfigurationPlatforms) = postSolution
		{55C7C8B4-E5EC-4AE1-9A7B-3AAA25D4BB1A}.Debug|Any CPU.ActiveCfg = Debug|Any CPU
		{55C7C8B4-E5EC-4AE1-9A7B-3AAA25D4BB1A}.Debug|Any CPU.Build.0 = Debug|Any CPU
		{55C7C8B4-E5EC-4AE1-9A7B-3AAA25D4BB1A}.Release|Any CPU.ActiveCfg = Release|Any CPU
		{55C7C8B4-E5EC-4AE1-9A7B-3AAA25D4BB1A}.Release|Any CPU.Build.0 = Release|Any CPU
	EndGlobalSection
	GlobalSection(SolutionProperties) = preSolution
		HideSolutionNode = FALSE
	EndGlobalSection
	GlobalSection(ExtensibilityGlobals) = postSolution
		SolutionGuid = {FF2927FC-2D02-4FB3-A119-F6CB1D2D94DF}
	EndGlobalSection
EndGlobal
