
Microsoft Visual Studio Solution File, Format Version 12.00
# Visual Studio Version 17
VisualStudioVersion = 17.0.32112.339
MinimumVisualStudioVersion = 10.0.40219.1
Project("{FAE04EC0-301F-11D3-BF4B-00C04F79EFBC}") = "CrawlBulbapedia", "CrawlBulbapedia.csproj", "{36DC6BC2-B6C3-4B57-A64D-05BABFA01BCC}"
EndProject
Global
	GlobalSection(SolutionConfigurationPlatforms) = preSolution
		Debug|Any CPU = Debug|Any CPU
		Release|Any CPU = Release|Any CPU
	EndGlobalSection
	GlobalSection(ProjectConfigurationPlatforms) = postSolution
		{36DC6BC2-B6C3-4B57-A64D-05BABFA01BCC}.Debug|Any CPU.ActiveCfg = Debug|Any CPU
		{36DC6BC2-B6C3-4B57-A64D-05BABFA01BCC}.Debug|Any CPU.Build.0 = Debug|Any CPU
		{36DC6BC2-B6C3-4B57-A64D-05BABFA01BCC}.Release|Any CPU.ActiveCfg = Release|Any CPU
		{36DC6BC2-B6C3-4B57-A64D-05BABFA01BCC}.Release|Any CPU.Build.0 = Release|Any CPU
	EndGlobalSection
	GlobalSection(SolutionProperties) = preSolution
		HideSolutionNode = FALSE
	EndGlobalSection
	GlobalSection(ExtensibilityGlobals) = postSolution
		SolutionGuid = {2B813807-144D-4C9B-ABC1-4A7CB121C330}
	EndGlobalSection
EndGlobal
